// !$*UTF8*$!
{
	archiveVersion = 1;
	classes = {
	};
	objectVersion = 46;
	objects = {

/* Begin PBXBuildFile section */
		C7064D5B1D07723B00C4A33C /* main.swift in Sources */ = {isa = PBXBuildFile; fileRef = C7064D5A1D07723B00C4A33C /* main.swift */; };
		C7064D621D07749600C4A33C /* Meteo.swift in Sources */ = {isa = PBXBuildFile; fileRef = C7064D611D07749600C4A33C /* Meteo.swift */; };
		C7064D641D0776B300C4A33C /* NetworkResult.swift in Sources */ = {isa = PBXBuildFile; fileRef = C7064D631D0776B300C4A33C /* NetworkResult.swift */; };
		C7064D681D0779A000C4A33C /* CurrentWeather.swift in Sources */ = {isa = PBXBuildFile; fileRef = C7064D671D0779A000C4A33C /* CurrentWeather.swift */; };
		C7064D6A1D077B0600C4A33C /* Extensions.swift in Sources */ = {isa = PBXBuildFile; fileRef = C7064D691D077B0600C4A33C /* Extensions.swift */; };
		C7064D6C1D077C6100C4A33C /* WeatherResult.swift in Sources */ = {isa = PBXBuildFile; fileRef = C7064D6B1D077C6100C4A33C /* WeatherResult.swift */; };
		C773D7911D0C65AB00423BB1 /* WeatherDescriptionStyle.swift in Sources */ = {isa = PBXBuildFile; fileRef = C773D7901D0C65AB00423BB1 /* WeatherDescriptionStyle.swift */; };
		C773D7931D0C65BF00423BB1 /* WeatherDescriptor.swift in Sources */ = {isa = PBXBuildFile; fileRef = C773D7921D0C65BF00423BB1 /* WeatherDescriptor.swift */; };
		C773D7951D0C661F00423BB1 /* WeatherMan.swift in Sources */ = {isa = PBXBuildFile; fileRef = C773D7941D0C661F00423BB1 /* WeatherMan.swift */; };
		C773D7971D0C7E0400423BB1 /* CLI.swift in Sources */ = {isa = PBXBuildFile; fileRef = C773D7961D0C7E0400423BB1 /* CLI.swift */; };
		C773D7991D0C8C7900423BB1 /* CLIArguments.swift in Sources */ = {isa = PBXBuildFile; fileRef = C773D7981D0C8C7900423BB1 /* CLIArguments.swift */; };
/* End PBXBuildFile section */

/* Begin PBXCopyFilesBuildPhase section */
		C7064D551D07723B00C4A33C /* CopyFiles */ = {
			isa = PBXCopyFilesBuildPhase;
			buildActionMask = 2147483647;
			dstPath = /usr/share/man/man1/;
			dstSubfolderSpec = 0;
			files = (
			);
			runOnlyForDeploymentPostprocessing = 1;
		};
/* End PBXCopyFilesBuildPhase section */

/* Begin PBXFileReference section */
		C7064D571D07723B00C4A33C /* WeatherManCLI */ = {isa = PBXFileReference; explicitFileType = "compiled.mach-o.executable"; includeInIndex = 0; path = WeatherManCLI; sourceTree = BUILT_PRODUCTS_DIR; };
		C7064D5A1D07723B00C4A33C /* main.swift */ = {isa = PBXFileReference; lastKnownFileType = sourcecode.swift; path = main.swift; sourceTree = "<group>"; };
		C7064D611D07749600C4A33C /* Meteo.swift */ = {isa = PBXFileReference; fileEncoding = 4; lastKnownFileType = sourcecode.swift; path = Meteo.swift; sourceTree = "<group>"; };
		C7064D631D0776B300C4A33C /* NetworkResult.swift */ = {isa = PBXFileReference; fileEncoding = 4; lastKnownFileType = sourcecode.swift; path = NetworkResult.swift; sourceTree = "<group>"; };
		C7064D671D0779A000C4A33C /* CurrentWeather.swift */ = {isa = PBXFileReference; fileEncoding = 4; lastKnownFileType = sourcecode.swift; path = CurrentWeather.swift; sourceTree = "<group>"; };
		C7064D691D077B0600C4A33C /* Extensions.swift */ = {isa = PBXFileReference; fileEncoding = 4; lastKnownFileType = sourcecode.swift; path = Extensions.swift; sourceTree = "<group>"; };
		C7064D6B1D077C6100C4A33C /* WeatherResult.swift */ = {isa = PBXFileReference; fileEncoding = 4; lastKnownFileType = sourcecode.swift; path = WeatherResult.swift; sourceTree = "<group>"; };
		C773D7901D0C65AB00423BB1 /* WeatherDescriptionStyle.swift */ = {isa = PBXFileReference; fileEncoding = 4; lastKnownFileType = sourcecode.swift; path = WeatherDescriptionStyle.swift; sourceTree = "<group>"; };
		C773D7921D0C65BF00423BB1 /* WeatherDescriptor.swift */ = {isa = PBXFileReference; fileEncoding = 4; lastKnownFileType = sourcecode.swift; path = WeatherDescriptor.swift; sourceTree = "<group>"; };
		C773D7941D0C661F00423BB1 /* WeatherMan.swift */ = {isa = PBXFileReference; fileEncoding = 4; lastKnownFileType = sourcecode.swift; path = WeatherMan.swift; sourceTree = "<group>"; };
		C773D7961D0C7E0400423BB1 /* CLI.swift */ = {isa = PBXFileReference; fileEncoding = 4; lastKnownFileType = sourcecode.swift; path = CLI.swift; sourceTree = "<group>"; };
		C773D7981D0C8C7900423BB1 /* CLIArguments.swift */ = {isa = PBXFileReference; fileEncoding = 4; lastKnownFileType = sourcecode.swift; path = CLIArguments.swift; sourceTree = "<group>"; };
/* End PBXFileReference section */

/* Begin PBXFrameworksBuildPhase section */
		C7064D541D07723B00C4A33C /* Frameworks */ = {
			isa = PBXFrameworksBuildPhase;
			buildActionMask = 2147483647;
			files = (
			);
			runOnlyForDeploymentPostprocessing = 0;
		};
/* End PBXFrameworksBuildPhase section */

/* Begin PBXGroup section */
		C7064D4E1D07723B00C4A33C = {
			isa = PBXGroup;
			children = (
				C7064D591D07723B00C4A33C /* WeatherManCLI */,
				C7064D581D07723B00C4A33C /* Products */,
			);
			sourceTree = "<group>";
		};
		C7064D581D07723B00C4A33C /* Products */ = {
			isa = PBXGroup;
			children = (
				C7064D571D07723B00C4A33C /* WeatherManCLI */,
			);
			name = Products;
			sourceTree = "<group>";
		};
		C7064D591D07723B00C4A33C /* WeatherManCLI */ = {
			isa = PBXGroup;
			children = (
				C7064D5A1D07723B00C4A33C /* main.swift */,
				C773D7981D0C8C7900423BB1 /* CLIArguments.swift */,
				C773D7961D0C7E0400423BB1 /* CLI.swift */,
				C773D7941D0C661F00423BB1 /* WeatherMan.swift */,
				C773D7901D0C65AB00423BB1 /* WeatherDescriptionStyle.swift */,
				C773D7921D0C65BF00423BB1 /* WeatherDescriptor.swift */,
				C7064D611D07749600C4A33C /* Meteo.swift */,
				C7064D6B1D077C6100C4A33C /* WeatherResult.swift */,
				C7064D691D077B0600C4A33C /* Extensions.swift */,
				C7064D671D0779A000C4A33C /* CurrentWeather.swift */,
				C7064D631D0776B300C4A33C /* NetworkResult.swift */,
			);
			path = WeatherManCLI;
			sourceTree = "<group>";
		};
/* End PBXGroup section */

/* Begin PBXNativeTarget section */
		C7064D561D07723B00C4A33C /* WeatherManCLI */ = {
			isa = PBXNativeTarget;
			buildConfigurationList = C7064D5E1D07723B00C4A33C /* Build configuration list for PBXNativeTarget "WeatherManCLI" */;
			buildPhases = (
				C7064D531D07723B00C4A33C /* Sources */,
				C7064D541D07723B00C4A33C /* Frameworks */,
				C7064D551D07723B00C4A33C /* CopyFiles */,
			);
			buildRules = (
			);
			dependencies = (
			);
			name = WeatherManCLI;
			productName = WeatherManCLI;
			productReference = C7064D571D07723B00C4A33C /* WeatherManCLI */;
			productType = "com.apple.product-type.tool";
		};
/* End PBXNativeTarget section */

/* Begin PBXProject section */
		C7064D4F1D07723B00C4A33C /* Project object */ = {
			isa = PBXProject;
			attributes = {
				LastSwiftUpdateCheck = 0730;
				LastUpgradeCheck = 0900;
				ORGANIZATIONNAME = AYA.io;
				TargetAttributes = {
					C7064D561D07723B00C4A33C = {
						CreatedOnToolsVersion = 7.3.1;
						LastSwiftMigration = 0900;
					};
				};
			};
			buildConfigurationList = C7064D521D07723B00C4A33C /* Build configuration list for PBXProject "WeatherManCLI" */;
			compatibilityVersion = "Xcode 3.2";
			developmentRegion = English;
			hasScannedForEncodings = 0;
			knownRegions = (
				en,
			);
			mainGroup = C7064D4E1D07723B00C4A33C;
			productRefGroup = C7064D581D07723B00C4A33C /* Products */;
			projectDirPath = "";
			projectRoot = "";
			targets = (
				C7064D561D07723B00C4A33C /* WeatherManCLI */,
			);
		};
/* End PBXProject section */

/* Begin PBXSourcesBuildPhase section */
		C7064D531D07723B00C4A33C /* Sources */ = {
			isa = PBXSourcesBuildPhase;
			buildActionMask = 2147483647;
			files = (
				C7064D641D0776B300C4A33C /* NetworkResult.swift in Sources */,
				C7064D6A1D077B0600C4A33C /* Extensions.swift in Sources */,
				C773D7991D0C8C7900423BB1 /* CLIArguments.swift in Sources */,
				C7064D681D0779A000C4A33C /* CurrentWeather.swift in Sources */,
				C773D7951D0C661F00423BB1 /* WeatherMan.swift in Sources */,
				C773D7971D0C7E0400423BB1 /* CLI.swift in Sources */,
				C773D7931D0C65BF00423BB1 /* WeatherDescriptor.swift in Sources */,
				C7064D621D07749600C4A33C /* Meteo.swift in Sources */,
				C7064D6C1D077C6100C4A33C /* WeatherResult.swift in Sources */,
				C773D7911D0C65AB00423BB1 /* WeatherDescriptionStyle.swift in Sources */,
				C7064D5B1D07723B00C4A33C /* main.swift in Sources */,
			);
			runOnlyForDeploymentPostprocessing = 0;
		};
/* End PBXSourcesBuildPhase section */

/* Begin XCBuildConfiguration section */
		C7064D5C1D07723B00C4A33C /* Debug */ = {
			isa = XCBuildConfiguration;
			buildSettings = {
				ALWAYS_SEARCH_USER_PATHS = NO;
				CLANG_ANALYZER_NONNULL = YES;
				CLANG_CXX_LANGUAGE_STANDARD = "gnu++0x";
				CLANG_CXX_LIBRARY = "libc++";
				CLANG_ENABLE_MODULES = YES;
				CLANG_ENABLE_OBJC_ARC = YES;
				CLANG_WARN_BLOCK_CAPTURE_AUTORELEASING = YES;
				CLANG_WARN_BOOL_CONVERSION = YES;
				CLANG_WARN_COMMA = YES;
				CLANG_WARN_CONSTANT_CONVERSION = YES;
				CLANG_WARN_DIRECT_OBJC_ISA_USAGE = YES_ERROR;
				CLANG_WARN_EMPTY_BODY = YES;
				CLANG_WARN_ENUM_CONVERSION = YES;
				CLANG_WARN_INFINITE_RECURSION = YES;
				CLANG_WARN_INT_CONVERSION = YES;
				CLANG_WARN_NON_LITERAL_NULL_CONVERSION = YES;
				CLANG_WARN_OBJC_LITERAL_CONVERSION = YES;
				CLANG_WARN_OBJC_ROOT_CLASS = YES_ERROR;
				CLANG_WARN_RANGE_LOOP_ANALYSIS = YES;
				CLANG_WARN_STRICT_PROTOTYPES = YES;
				CLANG_WARN_SUSPICIOUS_MOVE = YES;
				CLANG_WARN_UNREACHABLE_CODE = YES;
				CLANG_WARN__DUPLICATE_METHOD_MATCH = YES;
				CODE_SIGN_IDENTITY = "-";
				COPY_PHASE_STRIP = NO;
				DEBUG_INFORMATION_FORMAT = dwarf;
				ENABLE_STRICT_OBJC_MSGSEND = YES;
				ENABLE_TESTABILITY = YES;
				GCC_C_LANGUAGE_STANDARD = gnu99;
				GCC_DYNAMIC_NO_PIC = NO;
				GCC_NO_COMMON_BLOCKS = YES;
				GCC_OPTIMIZATION_LEVEL = 0;
				GCC_PREPROCESSOR_DEFINITIONS = (
					"DEBUG=1",
					"$(inherited)",
				);
				GCC_WARN_64_TO_32_BIT_CONVERSION = YES;
				GCC_WARN_ABOUT_RETURN_TYPE = YES_ERROR;
				GCC_WARN_UNDECLARED_SELECTOR = YES;
				GCC_WARN_UNINITIALIZED_AUTOS = YES_AGGRESSIVE;
				GCC_WARN_UNUSED_FUNCTION = YES;
				GCC_WARN_UNUSED_VARIABLE = YES;
				MACOSX_DEPLOYMENT_TARGET = 10.11;
				MTL_ENABLE_DEBUG_INFO = YES;
				ONLY_ACTIVE_ARCH = YES;
				SDKROOT = macosx;
				SWIFT_OPTIMIZATION_LEVEL = "-Onone";
			};
			name = Debug;
		};
		C7064D5D1D07723B00C4A33C /* Release */ = {
			isa = XCBuildConfiguration;
			buildSettings = {
				ALWAYS_SEARCH_USER_PATHS = NO;
				CLANG_ANALYZER_NONNULL = YES;
				CLANG_CXX_LANGUAGE_STANDARD = "gnu++0x";
				CLANG_CXX_LIBRARY = "libc++";
				CLANG_ENABLE_MODULES = YES;
				CLANG_ENABLE_OBJC_ARC = YES;
				CLANG_WARN_BLOCK_CAPTURE_AUTORELEASING = YES;
				CLANG_WARN_BOOL_CONVERSION = YES;
				CLANG_WARN_COMMA = YES;
				CLANG_WARN_CONSTANT_CONVERSION = YES;
				CLANG_WARN_DIRECT_OBJC_ISA_USAGE = YES_ERROR;
				CLANG_WARN_EMPTY_BODY = YES;
				CLANG_WARN_ENUM_CONVERSION = YES;
				CLANG_WARN_INFINITE_RECURSION = YES;
				CLANG_WARN_INT_CONVERSION = YES;
				CLANG_WARN_NON_LITERAL_NULL_CONVERSION = YES;
				CLANG_WARN_OBJC_LITERAL_CONVERSION = YES;
				CLANG_WARN_OBJC_ROOT_CLASS = YES_ERROR;
				CLANG_WARN_RANGE_LOOP_ANALYSIS = YES;
				CLANG_WARN_STRICT_PROTOTYPES = YES;
				CLANG_WARN_SUSPICIOUS_MOVE = YES;
				CLANG_WARN_UNREACHABLE_CODE = YES;
				CLANG_WARN__DUPLICATE_METHOD_MATCH = YES;
				CODE_SIGN_IDENTITY = "-";
				COPY_PHASE_STRIP = NO;
				DEBUG_INFORMATION_FORMAT = "dwarf-with-dsym";
				ENABLE_NS_ASSERTIONS = NO;
				ENABLE_STRICT_OBJC_MSGSEND = YES;
				GCC_C_LANGUAGE_STANDARD = gnu99;
				GCC_NO_COMMON_BLOCKS = YES;
				GCC_WARN_64_TO_32_BIT_CONVERSION = YES;
				GCC_WARN_ABOUT_RETURN_TYPE = YES_ERROR;
				GCC_WARN_UNDECLARED_SELECTOR = YES;
				GCC_WARN_UNINITIALIZED_AUTOS = YES_AGGRESSIVE;
				GCC_WARN_UNUSED_FUNCTION = YES;
				GCC_WARN_UNUSED_VARIABLE = YES;
				MACOSX_DEPLOYMENT_TARGET = 10.11;
				MTL_ENABLE_DEBUG_INFO = NO;
				SDKROOT = macosx;
				SWIFT_OPTIMIZATION_LEVEL = "-Owholemodule";
			};
			name = Release;
		};
		C7064D5F1D07723B00C4A33C /* Debug */ = {
			isa = XCBuildConfiguration;
			buildSettings = {
				PRODUCT_NAME = "$(TARGET_NAME)";
				SWIFT_SWIFT3_OBJC_INFERENCE = Default;
				SWIFT_VERSION = 4.0;
			};
			name = Debug;
		};
		C7064D601D07723B00C4A33C /* Release */ = {
			isa = XCBuildConfiguration;
			buildSettings = {
				PRODUCT_NAME = "$(TARGET_NAME)";
				SWIFT_SWIFT3_OBJC_INFERENCE = Default;
				SWIFT_VERSION = 4.0;
			};
			name = Release;
		};
/* End XCBuildConfiguration section */

/* Begin XCConfigurationList section */
		C7064D521D07723B00C4A33C /* Build configuration list for PBXProject "WeatherManCLI" */ = {
			isa = XCConfigurationList;
			buildConfigurations = (
				C7064D5C1D07723B00C4A33C /* Debug */,
				C7064D5D1D07723B00C4A33C /* Release */,
			);
			defaultConfigurationIsVisible = 0;
			defaultConfigurationName = Release;
		};
		C7064D5E1D07723B00C4A33C /* Build configuration list for PBXNativeTarget "WeatherManCLI" */ = {
			isa = XCConfigurationList;
			buildConfigurations = (
				C7064D5F1D07723B00C4A33C /* Debug */,
				C7064D601D07723B00C4A33C /* Release */,
			);
			defaultConfigurationIsVisible = 0;
			defaultConfigurationName = Release;
		};
/* End XCConfigurationList section */
	};
	rootObject = C7064D4F1D07723B00C4A33C /* Project object */;
}
